// !$*UTF8*$!
{
	archiveVersion = 1;
	classes = {
	};
	objectVersion = 56;
	objects = {

/* Begin PBXBuildFile section */
		EA2A1CC22AA06E97002FE7B5 /* Achievement.swift in Sources */ = {isa = PBXBuildFile; fileRef = EA2A1CC12AA06E97002FE7B5 /* Achievement.swift */; };
		EA2A1CC42AA06FB7002FE7B5 /* AchievementView.swift in Sources */ = {isa = PBXBuildFile; fileRef = EA2A1CC32AA06FB7002FE7B5 /* AchievementView.swift */; };
		EA6571C62A95D12F00D8AAC8 /* EnemyView.swift in Sources */ = {isa = PBXBuildFile; fileRef = EA6571C52A95D12F00D8AAC8 /* EnemyView.swift */; };
		EA6571C82A95E54700D8AAC8 /* fail.mp3 in Resources */ = {isa = PBXBuildFile; fileRef = EA6571C72A95E54700D8AAC8 /* fail.mp3 */; };
		EA6571CA2A95E5F100D8AAC8 /* crowd-cheer.mp3 in Resources */ = {isa = PBXBuildFile; fileRef = EA6571C92A95E5F100D8AAC8 /* crowd-cheer.mp3 */; };
		EA6571CC2A95E5F900D8AAC8 /* win.mp3 in Resources */ = {isa = PBXBuildFile; fileRef = EA6571CB2A95E5F900D8AAC8 /* win.mp3 */; };
		EA6571CE2A95E9CB00D8AAC8 /* HowToPlayView.swift in Sources */ = {isa = PBXBuildFile; fileRef = EA6571CD2A95E9CB00D8AAC8 /* HowToPlayView.swift */; };
		EA92FBEF2A835D1500BA9242 /* MarioCasinoApp.swift in Sources */ = {isa = PBXBuildFile; fileRef = EA92FBEE2A835D1500BA9242 /* MarioCasinoApp.swift */; };
		EA92FBF12A835D1500BA9242 /* ContentView.swift in Sources */ = {isa = PBXBuildFile; fileRef = EA92FBF02A835D1500BA9242 /* ContentView.swift */; };
		EA92FBF32A835D1600BA9242 /* Assets.xcassets in Resources */ = {isa = PBXBuildFile; fileRef = EA92FBF22A835D1600BA9242 /* Assets.xcassets */; };
		EA92FBF62A835D1600BA9242 /* Preview Assets.xcassets in Resources */ = {isa = PBXBuildFile; fileRef = EA92FBF52A835D1600BA9242 /* Preview Assets.xcassets */; };
		EA92FBFD2A835D5300BA9242 /* CasinoView.swift in Sources */ = {isa = PBXBuildFile; fileRef = EA92FBFC2A835D5300BA9242 /* CasinoView.swift */; };
		EA92FC002A83613000BA9242 /* Modifiers.swift in Sources */ = {isa = PBXBuildFile; fileRef = EA92FBFF2A83613000BA9242 /* Modifiers.swift */; };
		EA92FC022A83634300BA9242 /* DiceView.swift in Sources */ = {isa = PBXBuildFile; fileRef = EA92FC012A83634300BA9242 /* DiceView.swift */; };
		EA92FC052A8366FC00BA9242 /* spin.mp3 in Resources */ = {isa = PBXBuildFile; fileRef = EA92FC042A8366FC00BA9242 /* spin.mp3 */; };
		EA92FC072A83677400BA9242 /* PlaySound.swift in Sources */ = {isa = PBXBuildFile; fileRef = EA92FC062A83677400BA9242 /* PlaySound.swift */; };
		EA92FC092A83725700BA9242 /* LeaderboardView.swift in Sources */ = {isa = PBXBuildFile; fileRef = EA92FC082A83725700BA9242 /* LeaderboardView.swift */; };
		EABA5EA32A9F11B800B178CD /* MenuView.swift in Sources */ = {isa = PBXBuildFile; fileRef = EABA5EA22A9F11B800B178CD /* MenuView.swift */; };
		EABA5EA52A9F120900B178CD /* VictoryView.swift in Sources */ = {isa = PBXBuildFile; fileRef = EABA5EA42A9F120900B178CD /* VictoryView.swift */; };
		EABA5EA72A9F121A00B178CD /* ResultView.swift in Sources */ = {isa = PBXBuildFile; fileRef = EABA5EA62A9F121A00B178CD /* ResultView.swift */; };
/* End PBXBuildFile section */

/* Begin PBXFileReference section */
		EA2A1CC12AA06E97002FE7B5 /* Achievement.swift */ = {isa = PBXFileReference; lastKnownFileType = sourcecode.swift; path = Achievement.swift; sourceTree = "<group>"; };
		EA2A1CC32AA06FB7002FE7B5 /* AchievementView.swift */ = {isa = PBXFileReference; lastKnownFileType = sourcecode.swift; path = AchievementView.swift; sourceTree = "<group>"; };
		EA6571C52A95D12F00D8AAC8 /* EnemyView.swift */ = {isa = PBXFileReference; fileEncoding = 4; lastKnownFileType = sourcecode.swift; name = EnemyView.swift; path = ../../../Downloads/EnemyView.swift; sourceTree = "<group>"; };
		EA6571C72A95E54700D8AAC8 /* fail.mp3 */ = {isa = PBXFileReference; lastKnownFileType = audio.mp3; path = fail.mp3; sourceTree = "<group>"; };
		EA6571C92A95E5F100D8AAC8 /* crowd-cheer.mp3 */ = {isa = PBXFileReference; lastKnownFileType = audio.mp3; path = "crowd-cheer.mp3"; sourceTree = "<group>"; };
		EA6571CB2A95E5F900D8AAC8 /* win.mp3 */ = {isa = PBXFileReference; lastKnownFileType = audio.mp3; path = win.mp3; sourceTree = "<group>"; };
		EA6571CD2A95E9CB00D8AAC8 /* HowToPlayView.swift */ = {isa = PBXFileReference; lastKnownFileType = sourcecode.swift; path = HowToPlayView.swift; sourceTree = "<group>"; };
		EA92FBEB2A835D1500BA9242 /* MarioCasino.app */ = {isa = PBXFileReference; explicitFileType = wrapper.application; includeInIndex = 0; path = MarioCasino.app; sourceTree = BUILT_PRODUCTS_DIR; };
		EA92FBEE2A835D1500BA9242 /* MarioCasinoApp.swift */ = {isa = PBXFileReference; lastKnownFileType = sourcecode.swift; path = MarioCasinoApp.swift; sourceTree = "<group>"; };
		EA92FBF02A835D1500BA9242 /* ContentView.swift */ = {isa = PBXFileReference; lastKnownFileType = sourcecode.swift; path = ContentView.swift; sourceTree = "<group>"; };
		EA92FBF22A835D1600BA9242 /* Assets.xcassets */ = {isa = PBXFileReference; lastKnownFileType = folder.assetcatalog; path = Assets.xcassets; sourceTree = "<group>"; };
		EA92FBF52A835D1600BA9242 /* Preview Assets.xcassets */ = {isa = PBXFileReference; lastKnownFileType = folder.assetcatalog; path = "Preview Assets.xcassets"; sourceTree = "<group>"; };
		EA92FBFC2A835D5300BA9242 /* CasinoView.swift */ = {isa = PBXFileReference; lastKnownFileType = sourcecode.swift; path = CasinoView.swift; sourceTree = "<group>"; };
		EA92FBFF2A83613000BA9242 /* Modifiers.swift */ = {isa = PBXFileReference; lastKnownFileType = sourcecode.swift; path = Modifiers.swift; sourceTree = "<group>"; };
		EA92FC012A83634300BA9242 /* DiceView.swift */ = {isa = PBXFileReference; lastKnownFileType = sourcecode.swift; path = DiceView.swift; sourceTree = "<group>"; };
		EA92FC042A8366FC00BA9242 /* spin.mp3 */ = {isa = PBXFileReference; lastKnownFileType = audio.mp3; path = spin.mp3; sourceTree = "<group>"; };
		EA92FC062A83677400BA9242 /* PlaySound.swift */ = {isa = PBXFileReference; lastKnownFileType = sourcecode.swift; path = PlaySound.swift; sourceTree = "<group>"; };
		EA92FC082A83725700BA9242 /* LeaderboardView.swift */ = {isa = PBXFileReference; lastKnownFileType = sourcecode.swift; path = LeaderboardView.swift; sourceTree = "<group>"; };
		EABA5EA22A9F11B800B178CD /* MenuView.swift */ = {isa = PBXFileReference; fileEncoding = 4; lastKnownFileType = sourcecode.swift; name = MenuView.swift; path = "../../../Downloads/MarioCasino-main/MarioCasino/MenuView.swift"; sourceTree = "<group>"; };
		EABA5EA42A9F120900B178CD /* VictoryView.swift */ = {isa = PBXFileReference; fileEncoding = 4; lastKnownFileType = sourcecode.swift; name = VictoryView.swift; path = "../../../Downloads/MarioCasino-main/MarioCasino/VictoryView.swift"; sourceTree = "<group>"; };
		EABA5EA62A9F121A00B178CD /* ResultView.swift */ = {isa = PBXFileReference; fileEncoding = 4; lastKnownFileType = sourcecode.swift; name = ResultView.swift; path = "../../../Downloads/MarioCasino-main/MarioCasino/ResultView.swift"; sourceTree = "<group>"; };
/* End PBXFileReference section */

/* Begin PBXFrameworksBuildPhase section */
		EA92FBE82A835D1500BA9242 /* Frameworks */ = {
			isa = PBXFrameworksBuildPhase;
			buildActionMask = 2147483647;
			files = (
			);
			runOnlyForDeploymentPostprocessing = 0;
		};
/* End PBXFrameworksBuildPhase section */

/* Begin PBXGroup section */
		EA92FBE22A835D1500BA9242 = {
			isa = PBXGroup;
			children = (
				EA92FBED2A835D1500BA9242 /* MarioCasino */,
				EA92FBEC2A835D1500BA9242 /* Products */,
			);
			sourceTree = "<group>";
		};
		EA92FBEC2A835D1500BA9242 /* Products */ = {
			isa = PBXGroup;
			children = (
				EA92FBEB2A835D1500BA9242 /* MarioCasino.app */,
			);
			name = Products;
			sourceTree = "<group>";
		};
		EA92FBED2A835D1500BA9242 /* MarioCasino */ = {
			isa = PBXGroup;
			children = (
				EA92FBFE2A83612000BA9242 /* Helper */,
				EA92FBEE2A835D1500BA9242 /* MarioCasinoApp.swift */,
				EA92FBF02A835D1500BA9242 /* ContentView.swift */,
				EA92FBFC2A835D5300BA9242 /* CasinoView.swift */,
				EA6571CD2A95E9CB00D8AAC8 /* HowToPlayView.swift */,
				EA92FC082A83725700BA9242 /* LeaderboardView.swift */,
				EA2A1CC12AA06E97002FE7B5 /* Achievement.swift */,
				EA92FC012A83634300BA9242 /* DiceView.swift */,
				EA2A1CC32AA06FB7002FE7B5 /* AchievementView.swift */,
				EA6571C52A95D12F00D8AAC8 /* EnemyView.swift */,
				EABA5EA22A9F11B800B178CD /* MenuView.swift */,
				EABA5EA42A9F120900B178CD /* VictoryView.swift */,
				EABA5EA62A9F121A00B178CD /* ResultView.swift */,
				EA92FBF22A835D1600BA9242 /* Assets.xcassets */,
				EA92FBF42A835D1600BA9242 /* Preview Content */,
			);
			path = MarioCasino;
			sourceTree = "<group>";
		};
		EA92FBF42A835D1600BA9242 /* Preview Content */ = {
			isa = PBXGroup;
			children = (
				EA92FBF52A835D1600BA9242 /* Preview Assets.xcassets */,
			);
			path = "Preview Content";
			sourceTree = "<group>";
		};
		EA92FBFE2A83612000BA9242 /* Helper */ = {
			isa = PBXGroup;
			children = (
				EA92FC032A8366EA00BA9242 /* Sound Effects */,
				EA92FBFF2A83613000BA9242 /* Modifiers.swift */,
				EA92FC062A83677400BA9242 /* PlaySound.swift */,
			);
			path = Helper;
			sourceTree = "<group>";
		};
		EA92FC032A8366EA00BA9242 /* Sound Effects */ = {
			isa = PBXGroup;
			children = (
				EA92FC042A8366FC00BA9242 /* spin.mp3 */,
				EA6571C72A95E54700D8AAC8 /* fail.mp3 */,
				EA6571C92A95E5F100D8AAC8 /* crowd-cheer.mp3 */,
				EA6571CB2A95E5F900D8AAC8 /* win.mp3 */,
			);
			path = "Sound Effects";
			sourceTree = "<group>";
		};
/* End PBXGroup section */

/* Begin PBXNativeTarget section */
		EA92FBEA2A835D1500BA9242 /* MarioCasino */ = {
			isa = PBXNativeTarget;
			buildConfigurationList = EA92FBF92A835D1600BA9242 /* Build configuration list for PBXNativeTarget "MarioCasino" */;
			buildPhases = (
				EA92FBE72A835D1500BA9242 /* Sources */,
				EA92FBE82A835D1500BA9242 /* Frameworks */,
				EA92FBE92A835D1500BA9242 /* Resources */,
			);
			buildRules = (
			);
			dependencies = (
			);
			name = MarioCasino;
			productName = MarioCasino;
			productReference = EA92FBEB2A835D1500BA9242 /* MarioCasino.app */;
			productType = "com.apple.product-type.application";
		};
/* End PBXNativeTarget section */

/* Begin PBXProject section */
		EA92FBE32A835D1500BA9242 /* Project object */ = {
			isa = PBXProject;
			attributes = {
				BuildIndependentTargetsInParallel = 1;
				LastSwiftUpdateCheck = 1430;
				LastUpgradeCheck = 1430;
				TargetAttributes = {
					EA92FBEA2A835D1500BA9242 = {
						CreatedOnToolsVersion = 14.3.1;
					};
				};
			};
			buildConfigurationList = EA92FBE62A835D1500BA9242 /* Build configuration list for PBXProject "MarioCasino" */;
			compatibilityVersion = "Xcode 14.0";
			developmentRegion = en;
			hasScannedForEncodings = 0;
			knownRegions = (
				en,
				Base,
			);
			mainGroup = EA92FBE22A835D1500BA9242;
			productRefGroup = EA92FBEC2A835D1500BA9242 /* Products */;
			projectDirPath = "";
			projectRoot = "";
			targets = (
				EA92FBEA2A835D1500BA9242 /* MarioCasino */,
			);
		};
/* End PBXProject section */

/* Begin PBXResourcesBuildPhase section */
		EA92FBE92A835D1500BA9242 /* Resources */ = {
			isa = PBXResourcesBuildPhase;
			buildActionMask = 2147483647;
			files = (
				EA6571C82A95E54700D8AAC8 /* fail.mp3 in Resources */,
				EA92FBF62A835D1600BA9242 /* Preview Assets.xcassets in Resources */,
				EA92FBF32A835D1600BA9242 /* Assets.xcassets in Resources */,
				EA6571CA2A95E5F100D8AAC8 /* crowd-cheer.mp3 in Resources */,
				EA6571CC2A95E5F900D8AAC8 /* win.mp3 in Resources */,
				EA92FC052A8366FC00BA9242 /* spin.mp3 in Resources */,
			);
			runOnlyForDeploymentPostprocessing = 0;
		};
/* End PBXResourcesBuildPhase section */

/* Begin PBXSourcesBuildPhase section */
		EA92FBE72A835D1500BA9242 /* Sources */ = {
			isa = PBXSourcesBuildPhase;
			buildActionMask = 2147483647;
			files = (
				EA92FC092A83725700BA9242 /* LeaderboardView.swift in Sources */,
				EA92FC002A83613000BA9242 /* Modifiers.swift in Sources */,
				EABA5EA52A9F120900B178CD /* VictoryView.swift in Sources */,
				EA92FC072A83677400BA9242 /* PlaySound.swift in Sources */,
				EA2A1CC42AA06FB7002FE7B5 /* AchievementView.swift in Sources */,
				EA6571CE2A95E9CB00D8AAC8 /* HowToPlayView.swift in Sources */,
				EABA5EA72A9F121A00B178CD /* ResultView.swift in Sources */,
				EA6571C62A95D12F00D8AAC8 /* EnemyView.swift in Sources */,
				EA2A1CC22AA06E97002FE7B5 /* Achievement.swift in Sources */,
				EABA5EA32A9F11B800B178CD /* MenuView.swift in Sources */,
				EA92FC022A83634300BA9242 /* DiceView.swift in Sources */,
				EA92FBF12A835D1500BA9242 /* ContentView.swift in Sources */,
				EA92FBFD2A835D5300BA9242 /* CasinoView.swift in Sources */,
				EA92FBEF2A835D1500BA9242 /* MarioCasinoApp.swift in Sources */,
			);
			runOnlyForDeploymentPostprocessing = 0;
		};
/* End PBXSourcesBuildPhase section */

/* Begin XCBuildConfiguration section */
		EA92FBF72A835D1600BA9242 /* Debug */ = {
			isa = XCBuildConfiguration;
			buildSettings = {
				ALWAYS_SEARCH_USER_PATHS = NO;
				CLANG_ANALYZER_NONNULL = YES;
				CLANG_ANALYZER_NUMBER_OBJECT_CONVERSION = YES_AGGRESSIVE;
				CLANG_CXX_LANGUAGE_STANDARD = "gnu++20";
				CLANG_ENABLE_MODULES = YES;
				CLANG_ENABLE_OBJC_ARC = YES;
				CLANG_ENABLE_OBJC_WEAK = YES;
				CLANG_WARN_BLOCK_CAPTURE_AUTORELEASING = YES;
				CLANG_WARN_BOOL_CONVERSION = YES;
				CLANG_WARN_COMMA = YES;
				CLANG_WARN_CONSTANT_CONVERSION = YES;
				CLANG_WARN_DEPRECATED_OBJC_IMPLEMENTATIONS = YES;
				CLANG_WARN_DIRECT_OBJC_ISA_USAGE = YES_ERROR;
				CLANG_WARN_DOCUMENTATION_COMMENTS = YES;
				CLANG_WARN_EMPTY_BODY = YES;
				CLANG_WARN_ENUM_CONVERSION = YES;
				CLANG_WARN_INFINITE_RECURSION = YES;
				CLANG_WARN_INT_CONVERSION = YES;
				CLANG_WARN_NON_LITERAL_NULL_CONVERSION = YES;
				CLANG_WARN_OBJC_IMPLICIT_RETAIN_SELF = YES;
				CLANG_WARN_OBJC_LITERAL_CONVERSION = YES;
				CLANG_WARN_OBJC_ROOT_CLASS = YES_ERROR;
				CLANG_WARN_QUOTED_INCLUDE_IN_FRAMEWORK_HEADER = YES;
				CLANG_WARN_RANGE_LOOP_ANALYSIS = YES;
				CLANG_WARN_STRICT_PROTOTYPES = YES;
				CLANG_WARN_SUSPICIOUS_MOVE = YES;
				CLANG_WARN_UNGUARDED_AVAILABILITY = YES_AGGRESSIVE;
				CLANG_WARN_UNREACHABLE_CODE = YES;
				CLANG_WARN__DUPLICATE_METHOD_MATCH = YES;
				COPY_PHASE_STRIP = NO;
				DEBUG_INFORMATION_FORMAT = dwarf;
				ENABLE_STRICT_OBJC_MSGSEND = YES;
				ENABLE_TESTABILITY = YES;
				GCC_C_LANGUAGE_STANDARD = gnu11;
				GCC_DYNAMIC_NO_PIC = NO;
				GCC_NO_COMMON_BLOCKS = YES;
				GCC_OPTIMIZATION_LEVEL = 0;
				GCC_PREPROCESSOR_DEFINITIONS = (
					"DEBUG=1",
					"$(inherited)",
				);
				GCC_WARN_64_TO_32_BIT_CONVERSION = YES;
				GCC_WARN_ABOUT_RETURN_TYPE = YES_ERROR;
				GCC_WARN_UNDECLARED_SELECTOR = YES;
				GCC_WARN_UNINITIALIZED_AUTOS = YES_AGGRESSIVE;
				GCC_WARN_UNUSED_FUNCTION = YES;
				GCC_WARN_UNUSED_VARIABLE = YES;
				IPHONEOS_DEPLOYMENT_TARGET = 16.4;
				MTL_ENABLE_DEBUG_INFO = INCLUDE_SOURCE;
				MTL_FAST_MATH = YES;
				ONLY_ACTIVE_ARCH = YES;
				SDKROOT = iphoneos;
				SWIFT_ACTIVE_COMPILATION_CONDITIONS = DEBUG;
				SWIFT_OPTIMIZATION_LEVEL = "-Onone";
			};
			name = Debug;
		};
		EA92FBF82A835D1600BA9242 /* Release */ = {
			isa = XCBuildConfiguration;
			buildSettings = {
				ALWAYS_SEARCH_USER_PATHS = NO;
				CLANG_ANALYZER_NONNULL = YES;
				CLANG_ANALYZER_NUMBER_OBJECT_CONVERSION = YES_AGGRESSIVE;
				CLANG_CXX_LANGUAGE_STANDARD = "gnu++20";
				CLANG_ENABLE_MODULES = YES;
				CLANG_ENABLE_OBJC_ARC = YES;
				CLANG_ENABLE_OBJC_WEAK = YES;
				CLANG_WARN_BLOCK_CAPTURE_AUTORELEASING = YES;
				CLANG_WARN_BOOL_CONVERSION = YES;
				CLANG_WARN_COMMA = YES;
				CLANG_WARN_CONSTANT_CONVERSION = YES;
				CLANG_WARN_DEPRECATED_OBJC_IMPLEMENTATIONS = YES;
				CLANG_WARN_DIRECT_OBJC_ISA_USAGE = YES_ERROR;
				CLANG_WARN_DOCUMENTATION_COMMENTS = YES;
				CLANG_WARN_EMPTY_BODY = YES;
				CLANG_WARN_ENUM_CONVERSION = YES;
				CLANG_WARN_INFINITE_RECURSION = YES;
				CLANG_WARN_INT_CONVERSION = YES;
				CLANG_WARN_NON_LITERAL_NULL_CONVERSION = YES;
				CLANG_WARN_OBJC_IMPLICIT_RETAIN_SELF = YES;
				CLANG_WARN_OBJC_LITERAL_CONVERSION = YES;
				CLANG_WARN_OBJC_ROOT_CLASS = YES_ERROR;
				CLANG_WARN_QUOTED_INCLUDE_IN_FRAMEWORK_HEADER = YES;
				CLANG_WARN_RANGE_LOOP_ANALYSIS = YES;
				CLANG_WARN_STRICT_PROTOTYPES = YES;
				CLANG_WARN_SUSPICIOUS_MOVE = YES;
				CLANG_WARN_UNGUARDED_AVAILABILITY = YES_AGGRESSIVE;
				CLANG_WARN_UNREACHABLE_CODE = YES;
				CLANG_WARN__DUPLICATE_METHOD_MATCH = YES;
				COPY_PHASE_STRIP = NO;
				DEBUG_INFORMATION_FORMAT = "dwarf-with-dsym";
				ENABLE_NS_ASSERTIONS = NO;
				ENABLE_STRICT_OBJC_MSGSEND = YES;
				GCC_C_LANGUAGE_STANDARD = gnu11;
				GCC_NO_COMMON_BLOCKS = YES;
				GCC_WARN_64_TO_32_BIT_CONVERSION = YES;
				GCC_WARN_ABOUT_RETURN_TYPE = YES_ERROR;
				GCC_WARN_UNDECLARED_SELECTOR = YES;
				GCC_WARN_UNINITIALIZED_AUTOS = YES_AGGRESSIVE;
				GCC_WARN_UNUSED_FUNCTION = YES;
				GCC_WARN_UNUSED_VARIABLE = YES;
				IPHONEOS_DEPLOYMENT_TARGET = 16.4;
				MTL_ENABLE_DEBUG_INFO = NO;
				MTL_FAST_MATH = YES;
				SDKROOT = iphoneos;
				SWIFT_COMPILATION_MODE = wholemodule;
				SWIFT_OPTIMIZATION_LEVEL = "-O";
				VALIDATE_PRODUCT = YES;
			};
			name = Release;
		};
		EA92FBFA2A835D1600BA9242 /* Debug */ = {
			isa = XCBuildConfiguration;
			buildSettings = {
				ASSETCATALOG_COMPILER_APPICON_NAME = AppIcon;
				ASSETCATALOG_COMPILER_GLOBAL_ACCENT_COLOR_NAME = AccentColor;
				CODE_SIGN_STYLE = Automatic;
				CURRENT_PROJECT_VERSION = 1;
				DEVELOPMENT_ASSET_PATHS = "\"MarioCasino/Preview Content\"";
				ENABLE_PREVIEWS = YES;
				GENERATE_INFOPLIST_FILE = YES;
				INFOPLIST_KEY_UIApplicationSceneManifest_Generation = YES;
				INFOPLIST_KEY_UIApplicationSupportsIndirectInputEvents = YES;
				INFOPLIST_KEY_UILaunchScreen_Generation = YES;
				INFOPLIST_KEY_UISupportedInterfaceOrientations_iPad = "UIInterfaceOrientationPortrait UIInterfaceOrientationPortraitUpsideDown UIInterfaceOrientationLandscapeLeft UIInterfaceOrientationLandscapeRight";
				INFOPLIST_KEY_UISupportedInterfaceOrientations_iPhone = "UIInterfaceOrientationPortrait UIInterfaceOrientationLandscapeLeft UIInterfaceOrientationLandscapeRight";
				LD_RUNPATH_SEARCH_PATHS = (
					"$(inherited)",
					"@executable_path/Frameworks",
				);
				MARKETING_VERSION = 1.0;
				PRODUCT_BUNDLE_IDENTIFIER = vn.edu.rmit.MarioCasino.MarioCasino;
				PRODUCT_NAME = "$(TARGET_NAME)";
				SWIFT_EMIT_LOC_STRINGS = YES;
				SWIFT_VERSION = 5.0;
				TARGETED_DEVICE_FAMILY = "1,2";
			};
			name = Debug;
		};
		EA92FBFB2A835D1600BA9242 /* Release */ = {
			isa = XCBuildConfiguration;
			buildSettings = {
				ASSETCATALOG_COMPILER_APPICON_NAME = AppIcon;
				ASSETCATALOG_COMPILER_GLOBAL_ACCENT_COLOR_NAME = AccentColor;
				CODE_SIGN_STYLE = Automatic;
				CURRENT_PROJECT_VERSION = 1;
				DEVELOPMENT_ASSET_PATHS = "\"MarioCasino/Preview Content\"";
				ENABLE_PREVIEWS = YES;
				GENERATE_INFOPLIST_FILE = YES;
				INFOPLIST_KEY_UIApplicationSceneManifest_Generation = YES;
				INFOPLIST_KEY_UIApplicationSupportsIndirectInputEvents = YES;
				INFOPLIST_KEY_UILaunchScreen_Generation = YES;
				INFOPLIST_KEY_UISupportedInterfaceOrientations_iPad = "UIInterfaceOrientationPortrait UIInterfaceOrientationPortraitUpsideDown UIInterfaceOrientationLandscapeLeft UIInterfaceOrientationLandscapeRight";
				INFOPLIST_KEY_UISupportedInterfaceOrientations_iPhone = "UIInterfaceOrientationPortrait UIInterfaceOrientationLandscapeLeft UIInterfaceOrientationLandscapeRight";
				LD_RUNPATH_SEARCH_PATHS = (
					"$(inherited)",
					"@executable_path/Frameworks",
				);
				MARKETING_VERSION = 1.0;
				PRODUCT_BUNDLE_IDENTIFIER = vn.edu.rmit.MarioCasino.MarioCasino;
				PRODUCT_NAME = "$(TARGET_NAME)";
				SWIFT_EMIT_LOC_STRINGS = YES;
				SWIFT_VERSION = 5.0;
				TARGETED_DEVICE_FAMILY = "1,2";
			};
			name = Release;
		};
/* End XCBuildConfiguration section */

/* Begin XCConfigurationList section */
		EA92FBE62A835D1500BA9242 /* Build configuration list for PBXProject "MarioCasino" */ = {
			isa = XCConfigurationList;
			buildConfigurations = (
				EA92FBF72A835D1600BA9242 /* Debug */,
				EA92FBF82A835D1600BA9242 /* Release */,
			);
			defaultConfigurationIsVisible = 0;
			defaultConfigurationName = Release;
		};
		EA92FBF92A835D1600BA9242 /* Build configuration list for PBXNativeTarget "MarioCasino" */ = {
			isa = XCConfigurationList;
			buildConfigurations = (
				EA92FBFA2A835D1600BA9242 /* Debug */,
				EA92FBFB2A835D1600BA9242 /* Release */,
			);
			defaultConfigurationIsVisible = 0;
			defaultConfigurationName = Release;
		};
/* End XCConfigurationList section */
	};
	rootObject = EA92FBE32A835D1500BA9242 /* Project object */;
}
